// !$*UTF8*$!
{
	archiveVersion = 1;
	classes = {
	};
	objectVersion = 77;
	objects = {

/* Begin PBXBuildFile section */
		06426C1285AA023437E7C852 /* KeyCodeMapper.swift in Sources */ = {isa = PBXBuildFile; fileRef = FD24509B5BCB183847AFE67F /* KeyCodeMapper.swift */; };
		107B8C3251531893EB2709B6 /* MatrixFlags.swift in Sources */ = {isa = PBXBuildFile; fileRef = 989A0826C11AE419D13531ED /* MatrixFlags.swift */; };
		1159796E4981D19AB5D71171 /* NetworkCallbacks.swift in Sources */ = {isa = PBXBuildFile; fileRef = 7B45A0CEA80080FDC8E52159 /* NetworkCallbacks.swift */; };
		14477F5DF0DD5ABC011F0BFD /* MachineID.swift in Sources */ = {isa = PBXBuildFile; fileRef = 9B0CEC22E5C2418C8A31BCA3 /* MachineID.swift */; };
		188C72432675028FAD914BDC /* MWBPacket.swift in Sources */ = {isa = PBXBuildFile; fileRef = BDD724BDBFCCDEB3A54D1B66 /* MWBPacket.swift */; };
		1CB4DA06DBBA0F47D454293F /* ScreenInfo.swift in Sources */ = {isa = PBXBuildFile; fileRef = AE87B0DA1C8247ECB21E9F07 /* ScreenInfo.swift */; };
		1EBA6C5E03D82ABE72BCFF46 /* HeartbeatService.swift in Sources */ = {isa = PBXBuildFile; fileRef = 5929D4D7603B549A3D3E214C /* HeartbeatService.swift */; };
		2115B5C705F7B788A886C7AC /* PackageDeduplicator.swift in Sources */ = {isa = PBXBuildFile; fileRef = 301AE8381DA1536DC4A155D5 /* PackageDeduplicator.swift */; };
		24E50D5747BFF3E2A7239755 /* MachinePoolTests.swift in Sources */ = {isa = PBXBuildFile; fileRef = 3636C262BEECE646EB78B8B5 /* MachinePoolTests.swift */; };
		2A4B51C885C8AE958B57EEF3 /* ClipboardManager.swift in Sources */ = {isa = PBXBuildFile; fileRef = 3FD5387313A7FCD8B6885B73 /* ClipboardManager.swift */; };
		2CDE907CDF391E21A7C958D0 /* handshake.bin in Resources */ = {isa = PBXBuildFile; fileRef = C5AACCF218BC814F6EAE9777 /* handshake.bin */; };
		300D8A2E3A8ED33A50A6F67D /* InputSourceSwitcher.swift in Sources */ = {isa = PBXBuildFile; fileRef = 4BC19DE95FECEBCD345615D4 /* InputSourceSwitcher.swift */; };
		3105D04053C137A00417F915 /* NetworkIntegrationTests.swift in Sources */ = {isa = PBXBuildFile; fileRef = ADB3C9DAEF8AA27C09D7C1F3 /* NetworkIntegrationTests.swift */; };
		34D5E78EA0EF050D71D06129 /* LayoutView.swift in Sources */ = {isa = PBXBuildFile; fileRef = 44757A274942A16843F68B9E /* LayoutView.swift */; };
		3B9391F485D809C445B57579 /* MockByteStream.swift in Sources */ = {isa = PBXBuildFile; fileRef = 5D36EDB6CC5435F8477D715C /* MockByteStream.swift */; };
		3CDC8B55910D46251D1BA2DA /* KeyboardView.swift in Sources */ = {isa = PBXBuildFile; fileRef = 2EFB2EE72AD4EF93D176CB16 /* KeyboardView.swift */; };
		3DDA6444A468EF8013916DD9 /* MWBHandshakeTests.swift in Sources */ = {isa = PBXBuildFile; fileRef = 65687D9F830641CC72C98325 /* MWBHandshakeTests.swift */; };
		48EB907090A3E8A126AB063A /* TrayMenu.swift in Sources */ = {isa = PBXBuildFile; fileRef = B30AAC773F12E24AB0F72A82 /* TrayMenu.swift */; };
		49B80F2968571D548F8D1F7B /* ClipboardView.swift in Sources */ = {isa = PBXBuildFile; fileRef = 641FE17D9AFE54ED91ED5FE1 /* ClipboardView.swift */; };
		54F3590BB03D7445434C3CDF /* MWBCryptoTests.swift in Sources */ = {isa = PBXBuildFile; fileRef = 3B4E0529638EACDB77913CD9 /* MWBCryptoTests.swift */; };
		564A59595DFAFCAB8F83C87A /* MWBMouseData.swift in Sources */ = {isa = PBXBuildFile; fileRef = AB222A87194D78042767C39F /* MWBMouseData.swift */; };
		5D474965B74691874F7CD6EE /* MWBConstants.swift in Sources */ = {isa = PBXBuildFile; fileRef = 2FA600A533BC3DD7BCCFB11F /* MWBConstants.swift */; };
		612570169ECCBFBB3A0F8360 /* MWBClientTests.swift in Sources */ = {isa = PBXBuildFile; fileRef = EB0993BDCE17559BFCB0EEA8 /* MWBClientTests.swift */; };
		641D0DCE57A302CCCE6DD70E /* MWBApp.swift in Sources */ = {isa = PBXBuildFile; fileRef = EFFA93B213339C595595EFE7 /* MWBApp.swift */; };
		64499A7ECAD406E18A70EBDB /* VersionChecker.swift in Sources */ = {isa = PBXBuildFile; fileRef = 15531B7A6626F2D04E44BF21 /* VersionChecker.swift */; };
		685B0C572FFBF96A95DA9023 /* ManualClock.swift in Sources */ = {isa = PBXBuildFile; fileRef = 67FBF1967856CE1E64F947C6 /* ManualClock.swift */; };
		698F92E1224098F980B71FC2 /* CryptoCrossPlatformTests.swift in Sources */ = {isa = PBXBuildFile; fileRef = 46932C6CF3981C3B9EB22218 /* CryptoCrossPlatformTests.swift */; };
		6A0FF454F115902423D28831 /* InputLayerTests.swift in Sources */ = {isa = PBXBuildFile; fileRef = 5849C71C3FA6E0AD586C40C7 /* InputLayerTests.swift */; };
		6C2B7A995DA6FBEFEBC26538 /* AppDelegate.swift in Sources */ = {isa = PBXBuildFile; fileRef = A1BBC2304145EBEC609D6A75 /* AppDelegate.swift */; };
		6F1C90EEE9D40EEFD40BA4B5 /* CoordinateMappingTests.swift in Sources */ = {isa = PBXBuildFile; fileRef = C58B88196F8629339DCDEF11 /* CoordinateMappingTests.swift */; };
		6FA563E0B55479657E09821E /* InputInjection.swift in Sources */ = {isa = PBXBuildFile; fileRef = A26795837B7EC4F86C491C10 /* InputInjection.swift */; };
		711217305E826FC8505F9940 /* InputCapture.swift in Sources */ = {isa = PBXBuildFile; fileRef = 085ADDFADFBF1882F0D20AE9 /* InputCapture.swift */; };
		72372606931DF9D6231AB92C /* AdvancedView.swift in Sources */ = {isa = PBXBuildFile; fileRef = 36D952EC15849C08963EF86F /* AdvancedView.swift */; };
		73B2F6AFD8DDD8C30880C3B3 /* SharedPackageDeduplicatorTests.swift in Sources */ = {isa = PBXBuildFile; fileRef = 68184A589759976600F6B1F8 /* SharedPackageDeduplicatorTests.swift */; };
		742D77599C631DD05494E75A /* MWBCrypto.swift in Sources */ = {isa = PBXBuildFile; fileRef = F18E0E38C37A18A0A947A57E /* MWBCrypto.swift */; };
		76A1009E1B17824D59069D79 /* PermissionsView.swift in Sources */ = {isa = PBXBuildFile; fileRef = E0303F387359BE5F8635EA8C /* PermissionsView.swift */; };
		777872F2FAEF9B05CC605900 /* SettingsStore.swift in Sources */ = {isa = PBXBuildFile; fileRef = 4DA5714D75003D2FD578D32A /* SettingsStore.swift */; };
		79B82E2105E254F306900059 /* Logger.swift in Sources */ = {isa = PBXBuildFile; fileRef = AE09E447C777581836F67970 /* Logger.swift */; };
		7F771834B9783E346FDA5EF1 /* ServerListener.swift in Sources */ = {isa = PBXBuildFile; fileRef = 82F62EBF6436F652A1861C1D /* ServerListener.swift */; };
		7FBC06B912A349D616935466 /* KeyCodeMapperTests.swift in Sources */ = {isa = PBXBuildFile; fileRef = C05A3EC8F2C7EFFCEF203BF0 /* KeyCodeMapperTests.swift */; };
		805EB3CA3399A58A45A7BC04 /* ConnectionView.swift in Sources */ = {isa = PBXBuildFile; fileRef = D55DC62E228DC882B82162C7 /* ConnectionView.swift */; };
		844F805F5BB961501592ADA5 /* InputIntegrationTests.swift in Sources */ = {isa = PBXBuildFile; fileRef = AC10AB6D2D613EE34A724CD2 /* InputIntegrationTests.swift */; };
		85502B994702741E12E09F07 /* magic.bin in Resources */ = {isa = PBXBuildFile; fileRef = 0B590DE1D1DA01D6B2357AE4 /* magic.bin */; };
		86984B4B9B7BDF070488D91D /* NetworkManager.swift in Sources */ = {isa = PBXBuildFile; fileRef = C2F38E9FDB3A364CEC11978A /* NetworkManager.swift */; };
		89A653556334EAF0D63BA872 /* MachinePool.swift in Sources */ = {isa = PBXBuildFile; fileRef = 43716A77A3EC0A53CFE489A2 /* MachinePool.swift */; };
		8A12B0E405E18FB930D91923 /* MWBHandshake.swift in Sources */ = {isa = PBXBuildFile; fileRef = 93F3D0296E0F76D9C47BD4AE /* MWBHandshake.swift */; };
		93C6BFBF8C21BAD92CECFBA0 /* AppCoordinator.swift in Sources */ = {isa = PBXBuildFile; fileRef = FB048089A977A0BC32B0369B /* AppCoordinator.swift */; };
		94CBC90F7D1E72C34D157BE6 /* MockEventSink.swift in Sources */ = {isa = PBXBuildFile; fileRef = 8E53853262A1E9DB43D733C1 /* MockEventSink.swift */; };
		96C7EDE3D560B00BD5D8731F /* ClipboardFormatTests.swift in Sources */ = {isa = PBXBuildFile; fileRef = CC1ACC8A8D46C0F3B92D1B89 /* ClipboardFormatTests.swift */; };
		97D6854FF5FF9739321AF909 /* ProtocolExtractor.csproj in Resources */ = {isa = PBXBuildFile; fileRef = 4BFCFBA88F96723652ED7FC3 /* ProtocolExtractor.csproj */; };
		9D1D66DA3F10E61BAD59583C /* ClipboardChannel.swift in Sources */ = {isa = PBXBuildFile; fileRef = 89AC2734851A16498DABA027 /* ClipboardChannel.swift */; };
		9E4BD9C371B8B390F491BCFC /* MouseView.swift in Sources */ = {isa = PBXBuildFile; fileRef = 0380A1AE211A1BA31046926D /* MouseView.swift */; };
		A74871FF060B77B321E529C2 /* MWBKeyboardData.swift in Sources */ = {isa = PBXBuildFile; fileRef = 59334291F885148BC161FCE2 /* MWBKeyboardData.swift */; };
		B2929940AD3A62597ADCDFC6 /* ProtocolBinaryTests.swift in Sources */ = {isa = PBXBuildFile; fileRef = 6E98C9EA00CA537542EE9799 /* ProtocolBinaryTests.swift */; };
		B866ECFC5F27A0CC86BBF1D5 /* LogConsoleView.swift in Sources */ = {isa = PBXBuildFile; fileRef = D47E22D738AA3E976CAABEEA /* LogConsoleView.swift */; };
		BAD475B9C1C799DE68A74090 /* ClipboardPasteboardPriorityTests.swift in Sources */ = {isa = PBXBuildFile; fileRef = E8DAD3E6E079761B876211DC /* ClipboardPasteboardPriorityTests.swift */; };
		C3DCD1B407ECAEEC90C2A360 /* PowerManager.swift in Sources */ = {isa = PBXBuildFile; fileRef = 13B891CA69B4D7427528E869 /* PowerManager.swift */; };
		C413574A08D72F84CC16B0A9 /* DragDropManager.swift in Sources */ = {isa = PBXBuildFile; fileRef = 0066F4E1A3C8CE57C854E639 /* DragDropManager.swift */; };
		C6516FDD7E3ED644885B0A48 /* InputInjectionTests.swift in Sources */ = {isa = PBXBuildFile; fileRef = 1BBAF55E1F6080E9F2E135DA /* InputInjectionTests.swift */; };
		C73329BC2DD49CA44BAF2DBF /* ProtocolCompatibilityTests.swift in Sources */ = {isa = PBXBuildFile; fileRef = 0CEC0F96273BB180784C0505 /* ProtocolCompatibilityTests.swift */; };
		C7A95CBA30FE515DF2F2278A /* ClipboardCodec.swift in Sources */ = {isa = PBXBuildFile; fileRef = 4B4462AE53F365CE3387B40E /* ClipboardCodec.swift */; };
		CAE9E1C8EB97F8C0F5B3C8F4 /* EdgeDetectorTests.swift in Sources */ = {isa = PBXBuildFile; fileRef = 53B665D45733F4493D7A0AAC /* EdgeDetectorTests.swift */; };
		CBC271458D71A5DD4B0FE2C6 /* ProtocolExtractor.cs in Resources */ = {isa = PBXBuildFile; fileRef = 42AEE9538485AC16F64BFCE6 /* ProtocolExtractor.cs */; };
		CC2CC9FB9EE4D62DB15AF5BC /* EdgeDetector.swift in Sources */ = {isa = PBXBuildFile; fileRef = 2B6D67D28EBEA0FA49E5298B /* EdgeDetector.swift */; };
		CFB3151B14CF8B6E4E283BB3 /* ClipboardChannelLoopbackTests.swift in Sources */ = {isa = PBXBuildFile; fileRef = 095C19714D2A757F3E799596 /* ClipboardChannelLoopbackTests.swift */; };
		E12A08B0CE7DE8092399D6AD /* SettingsWindow.swift in Sources */ = {isa = PBXBuildFile; fileRef = B0B03D6DF490960A2425D804 /* SettingsWindow.swift */; };
		E190565929C3000D11ED887F /* ConnectionStateTests.swift in Sources */ = {isa = PBXBuildFile; fileRef = 2B622ECD0A5D76C6DD2FDBC9 /* ConnectionStateTests.swift */; };
		E4E507E7E53045BF25725CBD /* key.bin in Resources */ = {isa = PBXBuildFile; fileRef = B58B798501345A1CAF214312 /* key.bin */; };
		ED5184B91FB5474CEE1652F5 /* generate_fixtures.sh in Resources */ = {isa = PBXBuildFile; fileRef = A3CF15F6F4BF38FE160BAE62 /* generate_fixtures.sh */; };
		F1E03F704170F4EF03677607 /* ResumeOnce.swift in Sources */ = {isa = PBXBuildFile; fileRef = E46CD9FF1712D138D025FB2C /* ResumeOnce.swift */; };
		FBA6854DA76B9C6D974561F2 /* MWBPacketTests.swift in Sources */ = {isa = PBXBuildFile; fileRef = 491B710D380573EF0C358439 /* MWBPacketTests.swift */; };
		FE988D34BABCD3A73AD97BBD /* Assets.xcassets in Resources */ = {isa = PBXBuildFile; fileRef = C99E0500DC51D1376645C1E2 /* Assets.xcassets */; };
/* End PBXBuildFile section */

/* Begin PBXContainerItemProxy section */
		BC571693B5F63F671E7D3746 /* PBXContainerItemProxy */ = {
			isa = PBXContainerItemProxy;
			containerPortal = 7BD8EB1106FFA347D01C62BC /* Project object */;
			proxyType = 1;
			remoteGlobalIDString = 5C3B493D1934DAC02F1A86A1;
			remoteInfo = MWBClient;
		};
/* End PBXContainerItemProxy section */

/* Begin PBXFileReference section */
		0066F4E1A3C8CE57C854E639 /* DragDropManager.swift */ = {isa = PBXFileReference; lastKnownFileType = sourcecode.swift; path = DragDropManager.swift; sourceTree = "<group>"; };
		0380A1AE211A1BA31046926D /* MouseView.swift */ = {isa = PBXFileReference; lastKnownFileType = sourcecode.swift; path = MouseView.swift; sourceTree = "<group>"; };
		085ADDFADFBF1882F0D20AE9 /* InputCapture.swift */ = {isa = PBXFileReference; lastKnownFileType = sourcecode.swift; path = InputCapture.swift; sourceTree = "<group>"; };
		095C19714D2A757F3E799596 /* ClipboardChannelLoopbackTests.swift */ = {isa = PBXFileReference; lastKnownFileType = sourcecode.swift; path = ClipboardChannelLoopbackTests.swift; sourceTree = "<group>"; };
		0B590DE1D1DA01D6B2357AE4 /* magic.bin */ = {isa = PBXFileReference; lastKnownFileType = archive.macbinary; path = magic.bin; sourceTree = "<group>"; };
		0CEC0F96273BB180784C0505 /* ProtocolCompatibilityTests.swift */ = {isa = PBXFileReference; lastKnownFileType = sourcecode.swift; path = ProtocolCompatibilityTests.swift; sourceTree = "<group>"; };
		13B891CA69B4D7427528E869 /* PowerManager.swift */ = {isa = PBXFileReference; lastKnownFileType = sourcecode.swift; path = PowerManager.swift; sourceTree = "<group>"; };
		15531B7A6626F2D04E44BF21 /* VersionChecker.swift */ = {isa = PBXFileReference; lastKnownFileType = sourcecode.swift; path = VersionChecker.swift; sourceTree = "<group>"; };
		1BBAF55E1F6080E9F2E135DA /* InputInjectionTests.swift */ = {isa = PBXFileReference; lastKnownFileType = sourcecode.swift; path = InputInjectionTests.swift; sourceTree = "<group>"; };
		2B622ECD0A5D76C6DD2FDBC9 /* ConnectionStateTests.swift */ = {isa = PBXFileReference; lastKnownFileType = sourcecode.swift; path = ConnectionStateTests.swift; sourceTree = "<group>"; };
		2B6D67D28EBEA0FA49E5298B /* EdgeDetector.swift */ = {isa = PBXFileReference; lastKnownFileType = sourcecode.swift; path = EdgeDetector.swift; sourceTree = "<group>"; };
		2EFB2EE72AD4EF93D176CB16 /* KeyboardView.swift */ = {isa = PBXFileReference; lastKnownFileType = sourcecode.swift; path = KeyboardView.swift; sourceTree = "<group>"; };
		2FA600A533BC3DD7BCCFB11F /* MWBConstants.swift */ = {isa = PBXFileReference; lastKnownFileType = sourcecode.swift; path = MWBConstants.swift; sourceTree = "<group>"; };
		301AE8381DA1536DC4A155D5 /* PackageDeduplicator.swift */ = {isa = PBXFileReference; lastKnownFileType = sourcecode.swift; path = PackageDeduplicator.swift; sourceTree = "<group>"; };
		3636C262BEECE646EB78B8B5 /* MachinePoolTests.swift */ = {isa = PBXFileReference; lastKnownFileType = sourcecode.swift; path = MachinePoolTests.swift; sourceTree = "<group>"; };
		36D952EC15849C08963EF86F /* AdvancedView.swift */ = {isa = PBXFileReference; lastKnownFileType = sourcecode.swift; path = AdvancedView.swift; sourceTree = "<group>"; };
		3B4E0529638EACDB77913CD9 /* MWBCryptoTests.swift */ = {isa = PBXFileReference; lastKnownFileType = sourcecode.swift; path = MWBCryptoTests.swift; sourceTree = "<group>"; };
		3FD5387313A7FCD8B6885B73 /* ClipboardManager.swift */ = {isa = PBXFileReference; lastKnownFileType = sourcecode.swift; path = ClipboardManager.swift; sourceTree = "<group>"; };
		42AEE9538485AC16F64BFCE6 /* ProtocolExtractor.cs */ = {isa = PBXFileReference; path = ProtocolExtractor.cs; sourceTree = "<group>"; };
		43716A77A3EC0A53CFE489A2 /* MachinePool.swift */ = {isa = PBXFileReference; lastKnownFileType = sourcecode.swift; path = MachinePool.swift; sourceTree = "<group>"; };
		44757A274942A16843F68B9E /* LayoutView.swift */ = {isa = PBXFileReference; lastKnownFileType = sourcecode.swift; path = LayoutView.swift; sourceTree = "<group>"; };
		46932C6CF3981C3B9EB22218 /* CryptoCrossPlatformTests.swift */ = {isa = PBXFileReference; lastKnownFileType = sourcecode.swift; path = CryptoCrossPlatformTests.swift; sourceTree = "<group>"; };
		491B710D380573EF0C358439 /* MWBPacketTests.swift */ = {isa = PBXFileReference; lastKnownFileType = sourcecode.swift; path = MWBPacketTests.swift; sourceTree = "<group>"; };
		4B4462AE53F365CE3387B40E /* ClipboardCodec.swift */ = {isa = PBXFileReference; lastKnownFileType = sourcecode.swift; path = ClipboardCodec.swift; sourceTree = "<group>"; };
		4BC19DE95FECEBCD345615D4 /* InputSourceSwitcher.swift */ = {isa = PBXFileReference; lastKnownFileType = sourcecode.swift; path = InputSourceSwitcher.swift; sourceTree = "<group>"; };
		4BFCFBA88F96723652ED7FC3 /* ProtocolExtractor.csproj */ = {isa = PBXFileReference; path = ProtocolExtractor.csproj; sourceTree = "<group>"; };
		4DA5714D75003D2FD578D32A /* SettingsStore.swift */ = {isa = PBXFileReference; lastKnownFileType = sourcecode.swift; path = SettingsStore.swift; sourceTree = "<group>"; };
		53B665D45733F4493D7A0AAC /* EdgeDetectorTests.swift */ = {isa = PBXFileReference; lastKnownFileType = sourcecode.swift; path = EdgeDetectorTests.swift; sourceTree = "<group>"; };
		5849C71C3FA6E0AD586C40C7 /* InputLayerTests.swift */ = {isa = PBXFileReference; lastKnownFileType = sourcecode.swift; path = InputLayerTests.swift; sourceTree = "<group>"; };
		5929D4D7603B549A3D3E214C /* HeartbeatService.swift */ = {isa = PBXFileReference; lastKnownFileType = sourcecode.swift; path = HeartbeatService.swift; sourceTree = "<group>"; };
		59334291F885148BC161FCE2 /* MWBKeyboardData.swift */ = {isa = PBXFileReference; lastKnownFileType = sourcecode.swift; path = MWBKeyboardData.swift; sourceTree = "<group>"; };
		5D36EDB6CC5435F8477D715C /* MockByteStream.swift */ = {isa = PBXFileReference; lastKnownFileType = sourcecode.swift; path = MockByteStream.swift; sourceTree = "<group>"; };
		641FE17D9AFE54ED91ED5FE1 /* ClipboardView.swift */ = {isa = PBXFileReference; lastKnownFileType = sourcecode.swift; path = ClipboardView.swift; sourceTree = "<group>"; };
		65687D9F830641CC72C98325 /* MWBHandshakeTests.swift */ = {isa = PBXFileReference; lastKnownFileType = sourcecode.swift; path = MWBHandshakeTests.swift; sourceTree = "<group>"; };
		67FBF1967856CE1E64F947C6 /* ManualClock.swift */ = {isa = PBXFileReference; lastKnownFileType = sourcecode.swift; path = ManualClock.swift; sourceTree = "<group>"; };
		68184A589759976600F6B1F8 /* SharedPackageDeduplicatorTests.swift */ = {isa = PBXFileReference; lastKnownFileType = sourcecode.swift; path = SharedPackageDeduplicatorTests.swift; sourceTree = "<group>"; };
		6E98C9EA00CA537542EE9799 /* ProtocolBinaryTests.swift */ = {isa = PBXFileReference; lastKnownFileType = sourcecode.swift; path = ProtocolBinaryTests.swift; sourceTree = "<group>"; };
		75495B2DED788CF3D15C2360 /* MWBClientTests.xctest */ = {isa = PBXFileReference; explicitFileType = wrapper.cfbundle; includeInIndex = 0; path = MWBClientTests.xctest; sourceTree = BUILT_PRODUCTS_DIR; };
		7B45A0CEA80080FDC8E52159 /* NetworkCallbacks.swift */ = {isa = PBXFileReference; lastKnownFileType = sourcecode.swift; path = NetworkCallbacks.swift; sourceTree = "<group>"; };
		82F62EBF6436F652A1861C1D /* ServerListener.swift */ = {isa = PBXFileReference; lastKnownFileType = sourcecode.swift; path = ServerListener.swift; sourceTree = "<group>"; };
		89AC2734851A16498DABA027 /* ClipboardChannel.swift */ = {isa = PBXFileReference; lastKnownFileType = sourcecode.swift; path = ClipboardChannel.swift; sourceTree = "<group>"; };
		8E53853262A1E9DB43D733C1 /* MockEventSink.swift */ = {isa = PBXFileReference; lastKnownFileType = sourcecode.swift; path = MockEventSink.swift; sourceTree = "<group>"; };
		90CF48864FCE733E195625FD /* MWBClient.entitlements */ = {isa = PBXFileReference; lastKnownFileType = text.plist.entitlements; path = MWBClient.entitlements; sourceTree = "<group>"; };
		93F3D0296E0F76D9C47BD4AE /* MWBHandshake.swift */ = {isa = PBXFileReference; lastKnownFileType = sourcecode.swift; path = MWBHandshake.swift; sourceTree = "<group>"; };
		989A0826C11AE419D13531ED /* MatrixFlags.swift */ = {isa = PBXFileReference; lastKnownFileType = sourcecode.swift; path = MatrixFlags.swift; sourceTree = "<group>"; };
		9B0CEC22E5C2418C8A31BCA3 /* MachineID.swift */ = {isa = PBXFileReference; lastKnownFileType = sourcecode.swift; path = MachineID.swift; sourceTree = "<group>"; };
		A1BBC2304145EBEC609D6A75 /* AppDelegate.swift */ = {isa = PBXFileReference; lastKnownFileType = sourcecode.swift; path = AppDelegate.swift; sourceTree = "<group>"; };
		A26795837B7EC4F86C491C10 /* InputInjection.swift */ = {isa = PBXFileReference; lastKnownFileType = sourcecode.swift; path = InputInjection.swift; sourceTree = "<group>"; };
		A3CF15F6F4BF38FE160BAE62 /* generate_fixtures.sh */ = {isa = PBXFileReference; lastKnownFileType = text.script.sh; path = generate_fixtures.sh; sourceTree = "<group>"; };
		AB222A87194D78042767C39F /* MWBMouseData.swift */ = {isa = PBXFileReference; lastKnownFileType = sourcecode.swift; path = MWBMouseData.swift; sourceTree = "<group>"; };
		AC10AB6D2D613EE34A724CD2 /* InputIntegrationTests.swift */ = {isa = PBXFileReference; lastKnownFileType = sourcecode.swift; path = InputIntegrationTests.swift; sourceTree = "<group>"; };
		ADB3C9DAEF8AA27C09D7C1F3 /* NetworkIntegrationTests.swift */ = {isa = PBXFileReference; lastKnownFileType = sourcecode.swift; path = NetworkIntegrationTests.swift; sourceTree = "<group>"; };
		AE09E447C777581836F67970 /* Logger.swift */ = {isa = PBXFileReference; lastKnownFileType = sourcecode.swift; path = Logger.swift; sourceTree = "<group>"; };
		AE87B0DA1C8247ECB21E9F07 /* ScreenInfo.swift */ = {isa = PBXFileReference; lastKnownFileType = sourcecode.swift; path = ScreenInfo.swift; sourceTree = "<group>"; };
		B09568AF0CC3622C18EA8D74 /* MWBClient.app */ = {isa = PBXFileReference; explicitFileType = wrapper.application; includeInIndex = 0; path = MWBClient.app; sourceTree = BUILT_PRODUCTS_DIR; };
		B0B03D6DF490960A2425D804 /* SettingsWindow.swift */ = {isa = PBXFileReference; lastKnownFileType = sourcecode.swift; path = SettingsWindow.swift; sourceTree = "<group>"; };
		B30AAC773F12E24AB0F72A82 /* TrayMenu.swift */ = {isa = PBXFileReference; lastKnownFileType = sourcecode.swift; path = TrayMenu.swift; sourceTree = "<group>"; };
		B58B798501345A1CAF214312 /* key.bin */ = {isa = PBXFileReference; lastKnownFileType = archive.macbinary; path = key.bin; sourceTree = "<group>"; };
		BDD724BDBFCCDEB3A54D1B66 /* MWBPacket.swift */ = {isa = PBXFileReference; lastKnownFileType = sourcecode.swift; path = MWBPacket.swift; sourceTree = "<group>"; };
		C05A3EC8F2C7EFFCEF203BF0 /* KeyCodeMapperTests.swift */ = {isa = PBXFileReference; lastKnownFileType = sourcecode.swift; path = KeyCodeMapperTests.swift; sourceTree = "<group>"; };
		C2F38E9FDB3A364CEC11978A /* NetworkManager.swift */ = {isa = PBXFileReference; lastKnownFileType = sourcecode.swift; path = NetworkManager.swift; sourceTree = "<group>"; };
		C58B88196F8629339DCDEF11 /* CoordinateMappingTests.swift */ = {isa = PBXFileReference; lastKnownFileType = sourcecode.swift; path = CoordinateMappingTests.swift; sourceTree = "<group>"; };
		C5AACCF218BC814F6EAE9777 /* handshake.bin */ = {isa = PBXFileReference; lastKnownFileType = archive.macbinary; path = handshake.bin; sourceTree = "<group>"; };
		C99E0500DC51D1376645C1E2 /* Assets.xcassets */ = {isa = PBXFileReference; lastKnownFileType = folder.assetcatalog; path = Assets.xcassets; sourceTree = "<group>"; };
		CC1ACC8A8D46C0F3B92D1B89 /* ClipboardFormatTests.swift */ = {isa = PBXFileReference; lastKnownFileType = sourcecode.swift; path = ClipboardFormatTests.swift; sourceTree = "<group>"; };
		D47E22D738AA3E976CAABEEA /* LogConsoleView.swift */ = {isa = PBXFileReference; lastKnownFileType = sourcecode.swift; path = LogConsoleView.swift; sourceTree = "<group>"; };
		D4CDB2AFF1972828D0E8BE1C /* Info.plist */ = {isa = PBXFileReference; lastKnownFileType = text.plist; path = Info.plist; sourceTree = "<group>"; };
		D55DC62E228DC882B82162C7 /* ConnectionView.swift */ = {isa = PBXFileReference; lastKnownFileType = sourcecode.swift; path = ConnectionView.swift; sourceTree = "<group>"; };
		E0303F387359BE5F8635EA8C /* PermissionsView.swift */ = {isa = PBXFileReference; lastKnownFileType = sourcecode.swift; path = PermissionsView.swift; sourceTree = "<group>"; };
		E46CD9FF1712D138D025FB2C /* ResumeOnce.swift */ = {isa = PBXFileReference; lastKnownFileType = sourcecode.swift; path = ResumeOnce.swift; sourceTree = "<group>"; };
		E8DAD3E6E079761B876211DC /* ClipboardPasteboardPriorityTests.swift */ = {isa = PBXFileReference; lastKnownFileType = sourcecode.swift; path = ClipboardPasteboardPriorityTests.swift; sourceTree = "<group>"; };
		EB0993BDCE17559BFCB0EEA8 /* MWBClientTests.swift */ = {isa = PBXFileReference; lastKnownFileType = sourcecode.swift; path = MWBClientTests.swift; sourceTree = "<group>"; };
		EFFA93B213339C595595EFE7 /* MWBApp.swift */ = {isa = PBXFileReference; lastKnownFileType = sourcecode.swift; path = MWBApp.swift; sourceTree = "<group>"; };
		F18E0E38C37A18A0A947A57E /* MWBCrypto.swift */ = {isa = PBXFileReference; lastKnownFileType = sourcecode.swift; path = MWBCrypto.swift; sourceTree = "<group>"; };
		FB048089A977A0BC32B0369B /* AppCoordinator.swift */ = {isa = PBXFileReference; lastKnownFileType = sourcecode.swift; path = AppCoordinator.swift; sourceTree = "<group>"; };
		FD24509B5BCB183847AFE67F /* KeyCodeMapper.swift */ = {isa = PBXFileReference; lastKnownFileType = sourcecode.swift; path = KeyCodeMapper.swift; sourceTree = "<group>"; };
/* End PBXFileReference section */

/* Begin PBXGroup section */
		02DB26265D070924FB2B0F1E /* Clipboard */ = {
			isa = PBXGroup;
			children = (
				89AC2734851A16498DABA027 /* ClipboardChannel.swift */,
				4B4462AE53F365CE3387B40E /* ClipboardCodec.swift */,
				3FD5387313A7FCD8B6885B73 /* ClipboardManager.swift */,
				0066F4E1A3C8CE57C854E639 /* DragDropManager.swift */,
			);
			path = Clipboard;
			sourceTree = "<group>";
		};
		1395016B28A86661D7529FBB /* Utils */ = {
			isa = PBXGroup;
			children = (
				AE09E447C777581836F67970 /* Logger.swift */,
				13B891CA69B4D7427528E869 /* PowerManager.swift */,
				E46CD9FF1712D138D025FB2C /* ResumeOnce.swift */,
				AE87B0DA1C8247ECB21E9F07 /* ScreenInfo.swift */,
				15531B7A6626F2D04E44BF21 /* VersionChecker.swift */,
			);
			path = Utils;
			sourceTree = "<group>";
		};
		1AE39F3B38371A7B17E088FB /* Protocol */ = {
			isa = PBXGroup;
			children = (
				9B0CEC22E5C2418C8A31BCA3 /* MachineID.swift */,
				989A0826C11AE419D13531ED /* MatrixFlags.swift */,
				2FA600A533BC3DD7BCCFB11F /* MWBConstants.swift */,
				93F3D0296E0F76D9C47BD4AE /* MWBHandshake.swift */,
				59334291F885148BC161FCE2 /* MWBKeyboardData.swift */,
				AB222A87194D78042767C39F /* MWBMouseData.swift */,
				BDD724BDBFCCDEB3A54D1B66 /* MWBPacket.swift */,
			);
			path = Protocol;
			sourceTree = "<group>";
		};
		3A9FC251097701A2BF3D282F /* MWBClientTests */ = {
			isa = PBXGroup;
			children = (
				69BFFB4E5D6E95CC759E82D3 /* Fixtures */,
				7D512DFCBC77FE168E64BF0D /* Mocks */,
				095C19714D2A757F3E799596 /* ClipboardChannelLoopbackTests.swift */,
				CC1ACC8A8D46C0F3B92D1B89 /* ClipboardFormatTests.swift */,
				E8DAD3E6E079761B876211DC /* ClipboardPasteboardPriorityTests.swift */,
				2B622ECD0A5D76C6DD2FDBC9 /* ConnectionStateTests.swift */,
				C58B88196F8629339DCDEF11 /* CoordinateMappingTests.swift */,
				46932C6CF3981C3B9EB22218 /* CryptoCrossPlatformTests.swift */,
				53B665D45733F4493D7A0AAC /* EdgeDetectorTests.swift */,
				1BBAF55E1F6080E9F2E135DA /* InputInjectionTests.swift */,
				AC10AB6D2D613EE34A724CD2 /* InputIntegrationTests.swift */,
				5849C71C3FA6E0AD586C40C7 /* InputLayerTests.swift */,
				C05A3EC8F2C7EFFCEF203BF0 /* KeyCodeMapperTests.swift */,
				3636C262BEECE646EB78B8B5 /* MachinePoolTests.swift */,
				EB0993BDCE17559BFCB0EEA8 /* MWBClientTests.swift */,
				3B4E0529638EACDB77913CD9 /* MWBCryptoTests.swift */,
				65687D9F830641CC72C98325 /* MWBHandshakeTests.swift */,
				491B710D380573EF0C358439 /* MWBPacketTests.swift */,
				ADB3C9DAEF8AA27C09D7C1F3 /* NetworkIntegrationTests.swift */,
				6E98C9EA00CA537542EE9799 /* ProtocolBinaryTests.swift */,
				0CEC0F96273BB180784C0505 /* ProtocolCompatibilityTests.swift */,
				68184A589759976600F6B1F8 /* SharedPackageDeduplicatorTests.swift */,
			);
			path = MWBClientTests;
			sourceTree = "<group>";
		};
		3E351B09B7FD8C6E6A34D197 /* Tray */ = {
			isa = PBXGroup;
			children = (
				B30AAC773F12E24AB0F72A82 /* TrayMenu.swift */,
			);
			path = Tray;
			sourceTree = "<group>";
		};
		5E3307291A327785C1664B17 /* App */ = {
			isa = PBXGroup;
			children = (
				A1BBC2304145EBEC609D6A75 /* AppDelegate.swift */,
				D4CDB2AFF1972828D0E8BE1C /* Info.plist */,
				EFFA93B213339C595595EFE7 /* MWBApp.swift */,
				90CF48864FCE733E195625FD /* MWBClient.entitlements */,
			);
			path = App;
			sourceTree = "<group>";
		};
		663D0DAC18CF1D7D5D0A6E78 /* Persistence */ = {
			isa = PBXGroup;
			children = (
				4DA5714D75003D2FD578D32A /* SettingsStore.swift */,
			);
			path = Persistence;
			sourceTree = "<group>";
		};
		69BFFB4E5D6E95CC759E82D3 /* Fixtures */ = {
			isa = PBXGroup;
			children = (
				A3CF15F6F4BF38FE160BAE62 /* generate_fixtures.sh */,
				C5AACCF218BC814F6EAE9777 /* handshake.bin */,
				B58B798501345A1CAF214312 /* key.bin */,
				0B590DE1D1DA01D6B2357AE4 /* magic.bin */,
				42AEE9538485AC16F64BFCE6 /* ProtocolExtractor.cs */,
				4BFCFBA88F96723652ED7FC3 /* ProtocolExtractor.csproj */,
			);
			path = Fixtures;
			sourceTree = "<group>";
		};
		738DE99CA05426C984D8B5C8 /* Resources */ = {
			isa = PBXGroup;
			children = (
				C99E0500DC51D1376645C1E2 /* Assets.xcassets */,
			);
			path = Resources;
			sourceTree = "<group>";
		};
		73AB60F674EC0F68ED085994 /* Input */ = {
			isa = PBXGroup;
			children = (
				2B6D67D28EBEA0FA49E5298B /* EdgeDetector.swift */,
				085ADDFADFBF1882F0D20AE9 /* InputCapture.swift */,
				A26795837B7EC4F86C491C10 /* InputInjection.swift */,
				4BC19DE95FECEBCD345615D4 /* InputSourceSwitcher.swift */,
				FD24509B5BCB183847AFE67F /* KeyCodeMapper.swift */,
			);
			path = Input;
			sourceTree = "<group>";
		};
		7C8675122AE4E73572159F2F = {
			isa = PBXGroup;
			children = (
				D0C8527F2B08DB37865B336E /* MWBClient */,
				3A9FC251097701A2BF3D282F /* MWBClientTests */,
				CC37FDC08603DA01A10EC562 /* Products */,
			);
			sourceTree = "<group>";
		};
		7D512DFCBC77FE168E64BF0D /* Mocks */ = {
			isa = PBXGroup;
			children = (
				67FBF1967856CE1E64F947C6 /* ManualClock.swift */,
				5D36EDB6CC5435F8477D715C /* MockByteStream.swift */,
				8E53853262A1E9DB43D733C1 /* MockEventSink.swift */,
			);
			path = Mocks;
			sourceTree = "<group>";
		};
		7FDCB4E9048B3E471D5236ED /* Settings */ = {
			isa = PBXGroup;
			children = (
				36D952EC15849C08963EF86F /* AdvancedView.swift */,
				641FE17D9AFE54ED91ED5FE1 /* ClipboardView.swift */,
				D55DC62E228DC882B82162C7 /* ConnectionView.swift */,
				2EFB2EE72AD4EF93D176CB16 /* KeyboardView.swift */,
				44757A274942A16843F68B9E /* LayoutView.swift */,
				D47E22D738AA3E976CAABEEA /* LogConsoleView.swift */,
				0380A1AE211A1BA31046926D /* MouseView.swift */,
				E0303F387359BE5F8635EA8C /* PermissionsView.swift */,
				B0B03D6DF490960A2425D804 /* SettingsWindow.swift */,
			);
			path = Settings;
			sourceTree = "<group>";
		};
		81C8D5DC84A0DDB727B6B28B /* Network */ = {
			isa = PBXGroup;
			children = (
				5929D4D7603B549A3D3E214C /* HeartbeatService.swift */,
				7B45A0CEA80080FDC8E52159 /* NetworkCallbacks.swift */,
				C2F38E9FDB3A364CEC11978A /* NetworkManager.swift */,
				301AE8381DA1536DC4A155D5 /* PackageDeduplicator.swift */,
				82F62EBF6436F652A1861C1D /* ServerListener.swift */,
			);
			path = Network;
			sourceTree = "<group>";
		};
		8505BD75B7392D641E57B601 /* State */ = {
			isa = PBXGroup;
			children = (
				43716A77A3EC0A53CFE489A2 /* MachinePool.swift */,
			);
			path = State;
			sourceTree = "<group>";
		};
		C48C42558A090CF60D96DCD7 /* Crypto */ = {
			isa = PBXGroup;
			children = (
				F18E0E38C37A18A0A947A57E /* MWBCrypto.swift */,
			);
			path = Crypto;
			sourceTree = "<group>";
		};
		CC37FDC08603DA01A10EC562 /* Products */ = {
			isa = PBXGroup;
			children = (
				B09568AF0CC3622C18EA8D74 /* MWBClient.app */,
				75495B2DED788CF3D15C2360 /* MWBClientTests.xctest */,
			);
			name = Products;
			sourceTree = "<group>";
		};
		D0C8527F2B08DB37865B336E /* MWBClient */ = {
			isa = PBXGroup;
			children = (
				5E3307291A327785C1664B17 /* App */,
				02DB26265D070924FB2B0F1E /* Clipboard */,
				D643CBFA9C550E30B207E88C /* Coordinator */,
				C48C42558A090CF60D96DCD7 /* Crypto */,
				73AB60F674EC0F68ED085994 /* Input */,
				81C8D5DC84A0DDB727B6B28B /* Network */,
				663D0DAC18CF1D7D5D0A6E78 /* Persistence */,
				1AE39F3B38371A7B17E088FB /* Protocol */,
				738DE99CA05426C984D8B5C8 /* Resources */,
				8505BD75B7392D641E57B601 /* State */,
				E333B6A56ED8A1DE77C67EF4 /* UI */,
				1395016B28A86661D7529FBB /* Utils */,
			);
			path = MWBClient;
			sourceTree = "<group>";
		};
		D643CBFA9C550E30B207E88C /* Coordinator */ = {
			isa = PBXGroup;
			children = (
				FB048089A977A0BC32B0369B /* AppCoordinator.swift */,
			);
			path = Coordinator;
			sourceTree = "<group>";
		};
		E333B6A56ED8A1DE77C67EF4 /* UI */ = {
			isa = PBXGroup;
			children = (
				7FDCB4E9048B3E471D5236ED /* Settings */,
				3E351B09B7FD8C6E6A34D197 /* Tray */,
			);
			path = UI;
			sourceTree = "<group>";
		};
/* End PBXGroup section */

/* Begin PBXNativeTarget section */
		52DE2E9BACF025BE2D3E66E9 /* MWBClientTests */ = {
			isa = PBXNativeTarget;
			buildConfigurationList = 8EF93BCA56FE8EBC51DEC376 /* Build configuration list for PBXNativeTarget "MWBClientTests" */;
			buildPhases = (
				885DC605F292BF48894C66F3 /* Sources */,
				B379B5416ECF4CBDA9EEEFC4 /* Resources */,
			);
			buildRules = (
			);
			dependencies = (
				6B9919C739B447590A9BFE0D /* PBXTargetDependency */,
			);
			name = MWBClientTests;
			packageProductDependencies = (
			);
			productName = MWBClientTests;
			productReference = 75495B2DED788CF3D15C2360 /* MWBClientTests.xctest */;
			productType = "com.apple.product-type.bundle.unit-test";
		};
		5C3B493D1934DAC02F1A86A1 /* MWBClient */ = {
			isa = PBXNativeTarget;
			buildConfigurationList = 48A7A8EE93BC1E3686F1EAEB /* Build configuration list for PBXNativeTarget "MWBClient" */;
			buildPhases = (
				8DD1B25B011D8455C0F16FC4 /* Sources */,
				ABB9C017B21BA0802D878536 /* Resources */,
			);
			buildRules = (
			);
			dependencies = (
			);
			name = MWBClient;
			packageProductDependencies = (
			);
			productName = MWBClient;
			productReference = B09568AF0CC3622C18EA8D74 /* MWBClient.app */;
			productType = "com.apple.product-type.application";
		};
/* End PBXNativeTarget section */

/* Begin PBXProject section */
		7BD8EB1106FFA347D01C62BC /* Project object */ = {
			isa = PBXProject;
			attributes = {
				BuildIndependentTargetsInParallel = YES;
				LastUpgradeCheck = 1600;
				TargetAttributes = {
					52DE2E9BACF025BE2D3E66E9 = {
						ProvisioningStyle = Automatic;
					};
					5C3B493D1934DAC02F1A86A1 = {
						ProvisioningStyle = Automatic;
					};
				};
			};
			buildConfigurationList = 705C0B4DFC70C24BB6A206DA /* Build configuration list for PBXProject "MWBClient" */;
			developmentRegion = en;
			hasScannedForEncodings = 0;
			knownRegions = (
				Base,
				en,
			);
			mainGroup = 7C8675122AE4E73572159F2F;
			minimizedProjectReferenceProxies = 1;
			preferredProjectObjectVersion = 77;
			productRefGroup = CC37FDC08603DA01A10EC562 /* Products */;
			projectDirPath = "";
			projectRoot = "";
			targets = (
				5C3B493D1934DAC02F1A86A1 /* MWBClient */,
				52DE2E9BACF025BE2D3E66E9 /* MWBClientTests */,
			);
		};
/* End PBXProject section */

/* Begin PBXResourcesBuildPhase section */
		ABB9C017B21BA0802D878536 /* Resources */ = {
			isa = PBXResourcesBuildPhase;
			buildActionMask = 2147483647;
			files = (
				FE988D34BABCD3A73AD97BBD /* Assets.xcassets in Resources */,
			);
			runOnlyForDeploymentPostprocessing = 0;
		};
		B379B5416ECF4CBDA9EEEFC4 /* Resources */ = {
			isa = PBXResourcesBuildPhase;
			buildActionMask = 2147483647;
			files = (
				CBC271458D71A5DD4B0FE2C6 /* ProtocolExtractor.cs in Resources */,
				97D6854FF5FF9739321AF909 /* ProtocolExtractor.csproj in Resources */,
				ED5184B91FB5474CEE1652F5 /* generate_fixtures.sh in Resources */,
				2CDE907CDF391E21A7C958D0 /* handshake.bin in Resources */,
				E4E507E7E53045BF25725CBD /* key.bin in Resources */,
				85502B994702741E12E09F07 /* magic.bin in Resources */,
			);
			runOnlyForDeploymentPostprocessing = 0;
		};
/* End PBXResourcesBuildPhase section */

/* Begin PBXSourcesBuildPhase section */
		885DC605F292BF48894C66F3 /* Sources */ = {
			isa = PBXSourcesBuildPhase;
			buildActionMask = 2147483647;
			files = (
				CFB3151B14CF8B6E4E283BB3 /* ClipboardChannelLoopbackTests.swift in Sources */,
				96C7EDE3D560B00BD5D8731F /* ClipboardFormatTests.swift in Sources */,
				BAD475B9C1C799DE68A74090 /* ClipboardPasteboardPriorityTests.swift in Sources */,
				E190565929C3000D11ED887F /* ConnectionStateTests.swift in Sources */,
				6F1C90EEE9D40EEFD40BA4B5 /* CoordinateMappingTests.swift in Sources */,
				698F92E1224098F980B71FC2 /* CryptoCrossPlatformTests.swift in Sources */,
				CAE9E1C8EB97F8C0F5B3C8F4 /* EdgeDetectorTests.swift in Sources */,
				C6516FDD7E3ED644885B0A48 /* InputInjectionTests.swift in Sources */,
				844F805F5BB961501592ADA5 /* InputIntegrationTests.swift in Sources */,
				6A0FF454F115902423D28831 /* InputLayerTests.swift in Sources */,
				7FBC06B912A349D616935466 /* KeyCodeMapperTests.swift in Sources */,
				612570169ECCBFBB3A0F8360 /* MWBClientTests.swift in Sources */,
				54F3590BB03D7445434C3CDF /* MWBCryptoTests.swift in Sources */,
				3DDA6444A468EF8013916DD9 /* MWBHandshakeTests.swift in Sources */,
				FBA6854DA76B9C6D974561F2 /* MWBPacketTests.swift in Sources */,
				24E50D5747BFF3E2A7239755 /* MachinePoolTests.swift in Sources */,
				685B0C572FFBF96A95DA9023 /* ManualClock.swift in Sources */,
				3B9391F485D809C445B57579 /* MockByteStream.swift in Sources */,
				94CBC90F7D1E72C34D157BE6 /* MockEventSink.swift in Sources */,
				3105D04053C137A00417F915 /* NetworkIntegrationTests.swift in Sources */,
				B2929940AD3A62597ADCDFC6 /* ProtocolBinaryTests.swift in Sources */,
				C73329BC2DD49CA44BAF2DBF /* ProtocolCompatibilityTests.swift in Sources */,
				73B2F6AFD8DDD8C30880C3B3 /* SharedPackageDeduplicatorTests.swift in Sources */,
			);
			runOnlyForDeploymentPostprocessing = 0;
		};
		8DD1B25B011D8455C0F16FC4 /* Sources */ = {
			isa = PBXSourcesBuildPhase;
			buildActionMask = 2147483647;
			files = (
				72372606931DF9D6231AB92C /* AdvancedView.swift in Sources */,
				93C6BFBF8C21BAD92CECFBA0 /* AppCoordinator.swift in Sources */,
				6C2B7A995DA6FBEFEBC26538 /* AppDelegate.swift in Sources */,
				9D1D66DA3F10E61BAD59583C /* ClipboardChannel.swift in Sources */,
				C7A95CBA30FE515DF2F2278A /* ClipboardCodec.swift in Sources */,
				2A4B51C885C8AE958B57EEF3 /* ClipboardManager.swift in Sources */,
				49B80F2968571D548F8D1F7B /* ClipboardView.swift in Sources */,
				805EB3CA3399A58A45A7BC04 /* ConnectionView.swift in Sources */,
				C413574A08D72F84CC16B0A9 /* DragDropManager.swift in Sources */,
				CC2CC9FB9EE4D62DB15AF5BC /* EdgeDetector.swift in Sources */,
				1EBA6C5E03D82ABE72BCFF46 /* HeartbeatService.swift in Sources */,
				711217305E826FC8505F9940 /* InputCapture.swift in Sources */,
				6FA563E0B55479657E09821E /* InputInjection.swift in Sources */,
				300D8A2E3A8ED33A50A6F67D /* InputSourceSwitcher.swift in Sources */,
				06426C1285AA023437E7C852 /* KeyCodeMapper.swift in Sources */,
				3CDC8B55910D46251D1BA2DA /* KeyboardView.swift in Sources */,
				34D5E78EA0EF050D71D06129 /* LayoutView.swift in Sources */,
				B866ECFC5F27A0CC86BBF1D5 /* LogConsoleView.swift in Sources */,
				79B82E2105E254F306900059 /* Logger.swift in Sources */,
				641D0DCE57A302CCCE6DD70E /* MWBApp.swift in Sources */,
				5D474965B74691874F7CD6EE /* MWBConstants.swift in Sources */,
				742D77599C631DD05494E75A /* MWBCrypto.swift in Sources */,
				8A12B0E405E18FB930D91923 /* MWBHandshake.swift in Sources */,
				A74871FF060B77B321E529C2 /* MWBKeyboardData.swift in Sources */,
				564A59595DFAFCAB8F83C87A /* MWBMouseData.swift in Sources */,
				188C72432675028FAD914BDC /* MWBPacket.swift in Sources */,
				14477F5DF0DD5ABC011F0BFD /* MachineID.swift in Sources */,
				89A653556334EAF0D63BA872 /* MachinePool.swift in Sources */,
				107B8C3251531893EB2709B6 /* MatrixFlags.swift in Sources */,
				9E4BD9C371B8B390F491BCFC /* MouseView.swift in Sources */,
				1159796E4981D19AB5D71171 /* NetworkCallbacks.swift in Sources */,
				86984B4B9B7BDF070488D91D /* NetworkManager.swift in Sources */,
				2115B5C705F7B788A886C7AC /* PackageDeduplicator.swift in Sources */,
				76A1009E1B17824D59069D79 /* PermissionsView.swift in Sources */,
				C3DCD1B407ECAEEC90C2A360 /* PowerManager.swift in Sources */,
				F1E03F704170F4EF03677607 /* ResumeOnce.swift in Sources */,
				1CB4DA06DBBA0F47D454293F /* ScreenInfo.swift in Sources */,
				7F771834B9783E346FDA5EF1 /* ServerListener.swift in Sources */,
				777872F2FAEF9B05CC605900 /* SettingsStore.swift in Sources */,
				E12A08B0CE7DE8092399D6AD /* SettingsWindow.swift in Sources */,
				48EB907090A3E8A126AB063A /* TrayMenu.swift in Sources */,
				64499A7ECAD406E18A70EBDB /* VersionChecker.swift in Sources */,
			);
			runOnlyForDeploymentPostprocessing = 0;
		};
/* End PBXSourcesBuildPhase section */

/* Begin PBXTargetDependency section */
		6B9919C739B447590A9BFE0D /* PBXTargetDependency */ = {
			isa = PBXTargetDependency;
			target = 5C3B493D1934DAC02F1A86A1 /* MWBClient */;
			targetProxy = BC571693B5F63F671E7D3746 /* PBXContainerItemProxy */;
		};
/* End PBXTargetDependency section */

/* Begin XCBuildConfiguration section */
		09994866CC9A7FD4E30B41A5 /* Debug */ = {
			isa = XCBuildConfiguration;
			buildSettings = {
				ALWAYS_SEARCH_USER_PATHS = NO;
				CLANG_ANALYZER_NONNULL = YES;
				CLANG_ANALYZER_NUMBER_OBJECT_CONVERSION = YES_AGGRESSIVE;
				CLANG_CXX_LANGUAGE_STANDARD = "gnu++14";
				CLANG_CXX_LIBRARY = "libc++";
				CLANG_ENABLE_MODULES = YES;
				CLANG_ENABLE_OBJC_ARC = YES;
				CLANG_ENABLE_OBJC_WEAK = YES;
				CLANG_WARN_BLOCK_CAPTURE_AUTORELEASING = YES;
				CLANG_WARN_BOOL_CONVERSION = YES;
				CLANG_WARN_COMMA = YES;
				CLANG_WARN_CONSTANT_CONVERSION = YES;
				CLANG_WARN_DEPRECATED_OBJC_IMPLEMENTATIONS = YES;
				CLANG_WARN_DIRECT_OBJC_ISA_USAGE = YES_ERROR;
				CLANG_WARN_DOCUMENTATION_COMMENTS = YES;
				CLANG_WARN_EMPTY_BODY = YES;
				CLANG_WARN_ENUM_CONVERSION = YES;
				CLANG_WARN_INFINITE_RECURSION = YES;
				CLANG_WARN_INT_CONVERSION = YES;
				CLANG_WARN_NON_LITERAL_NULL_CONVERSION = YES;
				CLANG_WARN_OBJC_IMPLICIT_RETAIN_SELF = YES;
				CLANG_WARN_OBJC_LITERAL_CONVERSION = YES;
				CLANG_WARN_OBJC_ROOT_CLASS = YES_ERROR;
				CLANG_WARN_QUOTED_INCLUDE_IN_FRAMEWORK_HEADER = YES;
				CLANG_WARN_RANGE_LOOP_ANALYSIS = YES;
				CLANG_WARN_STRICT_PROTOTYPES = YES;
				CLANG_WARN_SUSPICIOUS_MOVE = YES;
				CLANG_WARN_UNGUARDED_AVAILABILITY = YES_AGGRESSIVE;
				CLANG_WARN_UNREACHABLE_CODE = YES;
				CLANG_WARN__DUPLICATE_METHOD_MATCH = YES;
				CODE_SIGN_IDENTITY = "-";
				CODE_SIGN_STYLE = Automatic;
				COPY_PHASE_STRIP = NO;
				CURRENT_PROJECT_VERSION = 1;
				DEBUG_INFORMATION_FORMAT = dwarf;
				ENABLE_STRICT_OBJC_MSGSEND = YES;
				ENABLE_TESTABILITY = YES;
				GCC_C_LANGUAGE_STANDARD = gnu11;
				GCC_DYNAMIC_NO_PIC = NO;
				GCC_NO_COMMON_BLOCKS = YES;
				GCC_OPTIMIZATION_LEVEL = 0;
				GCC_PREPROCESSOR_DEFINITIONS = (
					"$(inherited)",
					"DEBUG=1",
				);
				GCC_WARN_64_TO_32_BIT_CONVERSION = YES;
				GCC_WARN_ABOUT_RETURN_TYPE = YES_ERROR;
				GCC_WARN_UNDECLARED_SELECTOR = YES;
				GCC_WARN_UNINITIALIZED_AUTOS = YES_AGGRESSIVE;
				GCC_WARN_UNUSED_FUNCTION = YES;
				GCC_WARN_UNUSED_VARIABLE = YES;
				INFOPLIST_FILE = MWBClient/App/Info.plist;
				MACOSX_DEPLOYMENT_TARGET = 14.0;
				MARKETING_VERSION = b1.1.1;
				MTL_ENABLE_DEBUG_INFO = INCLUDE_SOURCE;
				MTL_FAST_MATH = YES;
				ONLY_ACTIVE_ARCH = YES;
				PRODUCT_BUNDLE_IDENTIFIER = com.mwb.client;
				PRODUCT_NAME = "$(TARGET_NAME)";
				SDKROOT = macosx;
				SWIFT_ACTIVE_COMPILATION_CONDITIONS = DEBUG;
				SWIFT_OPTIMIZATION_LEVEL = "-Onone";
				SWIFT_STRICT_CONCURRENCY = complete;
				SWIFT_VERSION = 6.0;
			};
			name = Debug;
		};
		50FB6CB9387D13BA2821FC43 /* Release */ = {
			isa = XCBuildConfiguration;
			buildSettings = {
				BUNDLE_LOADER = "$(TEST_HOST)";
				COMBINE_HIDPI_IMAGES = YES;
				GENERATE_INFOPLIST_FILE = YES;
				LD_RUNPATH_SEARCH_PATHS = (
					"$(inherited)",
					"@executable_path/../Frameworks",
					"@loader_path/../Frameworks",
				);
				PRODUCT_BUNDLE_IDENTIFIER = com.mwb.client.tests;
				PRODUCT_NAME = MWBClientTests;
				SDKROOT = macosx;
				TEST_HOST = "$(BUILT_PRODUCTS_DIR)/MWBClient.app/Contents/MacOS/MWBClient";
			};
			name = Release;
		};
		726B24D1FF6C119F5B8F0DA2 /* Debug */ = {
			isa = XCBuildConfiguration;
			buildSettings = {
				BUNDLE_LOADER = "$(TEST_HOST)";
				COMBINE_HIDPI_IMAGES = YES;
				GENERATE_INFOPLIST_FILE = YES;
				LD_RUNPATH_SEARCH_PATHS = (
					"$(inherited)",
					"@executable_path/../Frameworks",
					"@loader_path/../Frameworks",
				);
				PRODUCT_BUNDLE_IDENTIFIER = com.mwb.client.tests;
				PRODUCT_NAME = MWBClientTests;
				SDKROOT = macosx;
				TEST_HOST = "$(BUILT_PRODUCTS_DIR)/MWBClient.app/Contents/MacOS/MWBClient";
			};
			name = Debug;
		};
		96DB5D9FAFBF1065C1499BBC /* Release */ = {
			isa = XCBuildConfiguration;
			buildSettings = {
				ASSETCATALOG_COMPILER_APPICON_NAME = AppIcon;
				CODE_SIGN_ENTITLEMENTS = MWBClient/App/MWBClient.entitlements;
				COMBINE_HIDPI_IMAGES = YES;
				ENABLE_PREVIEWS = YES;
				GENERATE_INFOPLIST_FILE = NO;
				INFOPLIST_FILE = MWBClient/App/Info.plist;
				LD_RUNPATH_SEARCH_PATHS = "$(inherited) @executable_path/../Frameworks";
				PRODUCT_BUNDLE_IDENTIFIER = com.mwb.client;
				PRODUCT_NAME = MWBClient;
				SDKROOT = macosx;
				SWIFT_EMIT_LOC_STRINGS = YES;
			};
			name = Release;
		};
		98793193A279C13F1143B9C6 /* Debug */ = {
			isa = XCBuildConfiguration;
			buildSettings = {
				ASSETCATALOG_COMPILER_APPICON_NAME = AppIcon;
				CODE_SIGN_ENTITLEMENTS = MWBClient/App/MWBClient.entitlements;
				COMBINE_HIDPI_IMAGES = YES;
				ENABLE_PREVIEWS = YES;
				GENERATE_INFOPLIST_FILE = NO;
				INFOPLIST_FILE = MWBClient/App/Info.plist;
				LD_RUNPATH_SEARCH_PATHS = "$(inherited) @executable_path/../Frameworks";
				PRODUCT_BUNDLE_IDENTIFIER = com.mwb.client;
				PRODUCT_NAME = MWBClient;
				SDKROOT = macosx;
				SWIFT_EMIT_LOC_STRINGS = YES;
			};
			name = Debug;
		};
		F58ABBC074A88B892EBA690D /* Release */ = {
			isa = XCBuildConfiguration;
			buildSettings = {
				ALWAYS_SEARCH_USER_PATHS = NO;
				CLANG_ANALYZER_NONNULL = YES;
				CLANG_ANALYZER_NUMBER_OBJECT_CONVERSION = YES_AGGRESSIVE;
				CLANG_CXX_LANGUAGE_STANDARD = "gnu++14";
				CLANG_CXX_LIBRARY = "libc++";
				CLANG_ENABLE_MODULES = YES;
				CLANG_ENABLE_OBJC_ARC = YES;
				CLANG_ENABLE_OBJC_WEAK = YES;
				CLANG_WARN_BLOCK_CAPTURE_AUTORELEASING = YES;
				CLANG_WARN_BOOL_CONVERSION = YES;
				CLANG_WARN_COMMA = YES;
				CLANG_WARN_CONSTANT_CONVERSION = YES;
				CLANG_WARN_DEPRECATED_OBJC_IMPLEMENTATIONS = YES;
				CLANG_WARN_DIRECT_OBJC_ISA_USAGE = YES_ERROR;
				CLANG_WARN_DOCUMENTATION_COMMENTS = YES;
				CLANG_WARN_EMPTY_BODY = YES;
				CLANG_WARN_ENUM_CONVERSION = YES;
				CLANG_WARN_INFINITE_RECURSION = YES;
				CLANG_WARN_INT_CONVERSION = YES;
				CLANG_WARN_NON_LITERAL_NULL_CONVERSION = YES;
				CLANG_WARN_OBJC_IMPLICIT_RETAIN_SELF = YES;
				CLANG_WARN_OBJC_LITERAL_CONVERSION = YES;
				CLANG_WARN_OBJC_ROOT_CLASS = YES_ERROR;
				CLANG_WARN_QUOTED_INCLUDE_IN_FRAMEWORK_HEADER = YES;
				CLANG_WARN_RANGE_LOOP_ANALYSIS = YES;
				CLANG_WARN_STRICT_PROTOTYPES = YES;
				CLANG_WARN_SUSPICIOUS_MOVE = YES;
				CLANG_WARN_UNGUARDED_AVAILABILITY = YES_AGGRESSIVE;
				CLANG_WARN_UNREACHABLE_CODE = YES;
				CLANG_WARN__DUPLICATE_METHOD_MATCH = YES;
				CODE_SIGN_IDENTITY = "-";
				CODE_SIGN_STYLE = Automatic;
				COPY_PHASE_STRIP = NO;
				CURRENT_PROJECT_VERSION = 1;
				DEBUG_INFORMATION_FORMAT = "dwarf-with-dsym";
				ENABLE_NS_ASSERTIONS = NO;
				ENABLE_STRICT_OBJC_MSGSEND = YES;
				GCC_C_LANGUAGE_STANDARD = gnu11;
				GCC_NO_COMMON_BLOCKS = YES;
				GCC_WARN_64_TO_32_BIT_CONVERSION = YES;
				GCC_WARN_ABOUT_RETURN_TYPE = YES_ERROR;
				GCC_WARN_UNDECLARED_SELECTOR = YES;
				GCC_WARN_UNINITIALIZED_AUTOS = YES_AGGRESSIVE;
				GCC_WARN_UNUSED_FUNCTION = YES;
				GCC_WARN_UNUSED_VARIABLE = YES;
				INFOPLIST_FILE = MWBClient/App/Info.plist;
				MACOSX_DEPLOYMENT_TARGET = 14.0;
				MARKETING_VERSION = b1.1.1;
				MTL_ENABLE_DEBUG_INFO = NO;
				MTL_FAST_MATH = YES;
				PRODUCT_BUNDLE_IDENTIFIER = com.mwb.client;
				PRODUCT_NAME = "$(TARGET_NAME)";
				SDKROOT = macosx;
				SWIFT_COMPILATION_MODE = wholemodule;
				SWIFT_OPTIMIZATION_LEVEL = "-O";
				SWIFT_STRICT_CONCURRENCY = complete;
				SWIFT_VERSION = 6.0;
			};
			name = Release;
		};
/* End XCBuildConfiguration section */

/* Begin XCConfigurationList section */
		48A7A8EE93BC1E3686F1EAEB /* Build configuration list for PBXNativeTarget "MWBClient" */ = {
			isa = XCConfigurationList;
			buildConfigurations = (
				98793193A279C13F1143B9C6 /* Debug */,
				96DB5D9FAFBF1065C1499BBC /* Release */,
			);
			defaultConfigurationIsVisible = 0;
			defaultConfigurationName = Debug;
		};
		705C0B4DFC70C24BB6A206DA /* Build configuration list for PBXProject "MWBClient" */ = {
			isa = XCConfigurationList;
			buildConfigurations = (
				09994866CC9A7FD4E30B41A5 /* Debug */,
				F58ABBC074A88B892EBA690D /* Release */,
			);
			defaultConfigurationIsVisible = 0;
			defaultConfigurationName = Debug;
		};
		8EF93BCA56FE8EBC51DEC376 /* Build configuration list for PBXNativeTarget "MWBClientTests" */ = {
			isa = XCConfigurationList;
			buildConfigurations = (
				726B24D1FF6C119F5B8F0DA2 /* Debug */,
				50FB6CB9387D13BA2821FC43 /* Release */,
			);
			defaultConfigurationIsVisible = 0;
			defaultConfigurationName = Debug;
		};
/* End XCConfigurationList section */
	};
	rootObject = 7BD8EB1106FFA347D01C62BC /* Project object */;
}
